{
  "version": "v1",
  "packages": {
    "react-router-dom": {
      "signature": "e81ff7d46e07a4b75180a750c932b2cc",
      "file": true
    },
    "@remix-run/router": {
      "signature": "844fdfec9804efbc291c295e6c1ed064",
      "file": true
    },
    "vite": {
      "signature": "5befb9d28d28175c78e2699bfcd7c98c",
      "pure": true
    }
  }
}